
Microsoft Visual Studio Solution File, Format Version 12.00
# Visual Studio 14
VisualStudioVersion = 14.0.25420.1
MinimumVisualStudioVersion = 10.0.40219.1
Project("{FAE04EC0-301F-11D3-BF4B-00C04F79EFBC}") = "ConsoleApplication3", "ConsoleApplication3\ConsoleApplication3.csproj", "{8364A59D-D091-4301-8B22-F20719994439}"
	ProjectSection(ProjectDependencies) = postProject
		{5D1E735D-858C-4CB3-9063-580F276E1F1D} = {5D1E735D-858C-4CB3-9063-580F276E1F1D}
	EndProjectSection
EndProject
Project("{FAE04EC0-301F-11D3-BF4B-00C04F79EFBC}") = "Klase", "Klase\Klase.csproj", "{5D1E735D-858C-4CB3-9063-580F276E1F1D}"
EndProject
Project("{FAE04EC0-301F-11D3-BF4B-00C04F79EFBC}") = "NasaMalaKlinika", "NasaMalaKlinika\NasaMalaKlinika.csproj", "{C914DD3D-44C3-434E-9EAE-51B6640E7EF4}"
EndProject
Global
	GlobalSection(SolutionConfigurationPlatforms) = preSolution
		Debug|Any CPU = Debug|Any CPU
		Release|Any CPU = Release|Any CPU
	EndGlobalSection
	GlobalSection(ProjectConfigurationPlatforms) = postSolution
		{8364A59D-D091-4301-8B22-F20719994439}.Debug|Any CPU.ActiveCfg = Debug|Any CPU
		{8364A59D-D091-4301-8B22-F20719994439}.Debug|Any CPU.Build.0 = Debug|Any CPU
		{8364A59D-D091-4301-8B22-F20719994439}.Release|Any CPU.ActiveCfg = Release|Any CPU
		{8364A59D-D091-4301-8B22-F20719994439}.Release|Any CPU.Build.0 = Release|Any CPU
		{5D1E735D-858C-4CB3-9063-580F276E1F1D}.Debug|Any CPU.ActiveCfg = Debug|Any CPU
		{5D1E735D-858C-4CB3-9063-580F276E1F1D}.Debug|Any CPU.Build.0 = Debug|Any CPU
		{5D1E735D-858C-4CB3-9063-580F276E1F1D}.Release|Any CPU.ActiveCfg = Release|Any CPU
		{5D1E735D-858C-4CB3-9063-580F276E1F1D}.Release|Any CPU.Build.0 = Release|Any CPU
		{C914DD3D-44C3-434E-9EAE-51B6640E7EF4}.Debug|Any CPU.ActiveCfg = Debug|Any CPU
		{C914DD3D-44C3-434E-9EAE-51B6640E7EF4}.Debug|Any CPU.Build.0 = Debug|Any CPU
		{C914DD3D-44C3-434E-9EAE-51B6640E7EF4}.Release|Any CPU.ActiveCfg = Release|Any CPU
		{C914DD3D-44C3-434E-9EAE-51B6640E7EF4}.Release|Any CPU.Build.0 = Release|Any CPU
	EndGlobalSection
	GlobalSection(SolutionProperties) = preSolution
		HideSolutionNode = FALSE
	EndGlobalSection
EndGlobal
